github.com/artemkaxboy/go-hocon v0.2.0/go.mod h1:jC9pPqGCMlheWKSjzyD9ev8NiEpjzR+PYX6AYwM51PM=
github.com/davecgh/go-spew v1.1.0/go.mod h1:J7Y8YcW2NihsgmVo/mv3lAwl/skON4iLHjSsI+c5H38=
github.com/davecgh/go-spew v1.1.1/go.mod h1:J7Y8YcW2NihsgmVo/mv3lAwl/skON4iLHjSsI+c5H38=
github.com/go-akka/configuration v0.0.0-20190919102339-a31c845c4b1b h1:3tSuByOnOGg2omcAAUD5zY+tHBzwl5LgbXaUzZoxSsI=
github.com/go-akka/configuration v0.0.0-20190919102339-a31c845c4b1b/go.mod h1:19bUnum2ZAeftfwwLZ/wRe7idyfoW2MfmXO464Hrfbw=
github.com/go-akka/configuration v0.0.0-20200115015912-550403a6bd87 h1:qsA6HPoRXYJ1a2fsHVUmieRTg+otMAM4wEJgSWzumL8=
github.com/go-akka/configuration v0.0.0-20200115015912-550403a6bd87/go.mod h1:19bUnum2ZAeftfwwLZ/wRe7idyfoW2MfmXO464Hrfbw=
github.com/goreflect/go_hocon v0.0.1 h1:n05o2/7F4S2Q6ZOnn02Sm3kEj/zmkvThk2m7uQQ1Ong=
github.com/goreflect/go_hocon v0.0.1/go.mod h1:+Ty2MKNMIhPNLYWpO4BqpH0W9qZOhKB/upHgEYAlRB8=
github.com/goreflect/go_hocon v0.0.2 h1:8r5kdjE4iG+Hfv1qScSR2LUNcwUwTmFdqpCN/yKY/uA=
github.com/goreflect/go_hocon v0.0.2/go.mod h1:Pw26F1wCoERtcchtIfjcTLO/wb9slw11ZSCvUbOgrYU=
github.com/konsorten/go-windows-terminal-sequences v1.0.1/go.mod h1:T0+1ngSBFLxvqU3pZ+m/2kptfBszLMUkC4ZK/EgS/cQ=
github.com/pmezard/go-difflib v1.0.0/go.mod h1:iKH77koFhYxTK1pcRnkKkqfTogsbg7gZNVY4sRDYZ/4=
github.com/sirupsen/logrus v1.4.2 h1:SPIRibHv4MatM3XXNO2BJeFLZwZ2LvZgfQ5+UNI2im4=
github.com/sirupsen/logrus v1.4.2/go.mod h1:tLMulIdttU9McNUspp0xgXVQah82FyeX6MwdIuYE2rE=
github.com/stretchr/objx v0.1.0/go.mod h1:HFkY916IF+rwdDfMAkV7OtwuqBVzrE8GR6GFx+wExME=
github.com/stretchr/objx v0.1.1/go.mod h1:HFkY916IF+rwdDfMAkV7OtwuqBVzrE8GR6GFx+wExME=
github.com/stretchr/testify v1.2.2/go.mod h1:a8OnRcib4nhh0OaRAV+Yts87kKdq0PP7pXfy6kDkUVs=
github.com/stretchr/testify v1.4.0/go.mod h1:j7eGeouHqKxXV5pUuKE4zz7dFj8WfuZ+81PSLYec5m4=
golang.org/x/sys v0.0.0-20190422165155-953cdadca894/go.mod h1:h1NjWce9XRLGQEsW7wpKNCjG9DtNlClVuFLEZdDNbEs=
gopkg.in/check.v1 v0.0.0-20161208181325-20d25e280405/go.mod h1:Co6ibVJAznAaIkqp8huTwlJQCZ016jof/cbN4VW5Yz0=
gopkg.in/yaml.v2 v2.2.2/go.mod h1:hI93XBmqTisBFMUTm0b8Fm+jr3Dg1NNxqwp+5A1VGuI=
